
Microsoft Visual Studio Solution File, Format Version 12.00
# Visual Studio 2012
Project("{FAE04EC0-301F-11D3-BF4B-00C04F79EFBC}") = "DateTimeApp", "DateTimeApp\DateTimeApp.csproj", "{EA330165-9A2C-4477-A3A8-4CD5B65BC8D8}"
EndProject
Global
	GlobalSection(SolutionConfigurationPlatforms) = preSolution
		Debug|iPhoneSimulator = Debug|iPhoneSimulator
		Release|iPhone = Release|iPhone
		Release|iPhoneSimulator = Release|iPhoneSimulator
		Debug|iPhone = Debug|iPhone
	EndGlobalSection
	GlobalSection(ProjectConfigurationPlatforms) = postSolution
		{EA330165-9A2C-4477-A3A8-4CD5B65BC8D8}.Debug|iPhoneSimulator.ActiveCfg = Debug|iPhoneSimulator
		{EA330165-9A2C-4477-A3A8-4CD5B65BC8D8}.Debug|iPhoneSimulator.Build.0 = Debug|iPhoneSimulator
		{EA330165-9A2C-4477-A3A8-4CD5B65BC8D8}.Release|iPhone.ActiveCfg = Release|iPhone
		{EA330165-9A2C-4477-A3A8-4CD5B65BC8D8}.Release|iPhone.Build.0 = Release|iPhone
		{EA330165-9A2C-4477-A3A8-4CD5B65BC8D8}.Release|iPhoneSimulator.ActiveCfg = Release|iPhoneSimulator
		{EA330165-9A2C-4477-A3A8-4CD5B65BC8D8}.Release|iPhoneSimulator.Build.0 = Release|iPhoneSimulator
		{EA330165-9A2C-4477-A3A8-4CD5B65BC8D8}.Debug|iPhone.ActiveCfg = Debug|iPhone
		{EA330165-9A2C-4477-A3A8-4CD5B65BC8D8}.Debug|iPhone.Build.0 = Debug|iPhone
	EndGlobalSection
EndGlobal
